
Microsoft Visual Studio Solution File, Format Version 12.00
# Visual Studio Version 17
VisualStudioVersion = 17.5.2.0
MinimumVisualStudioVersion = 10.0.40219.1
Project("{2150E333-8FDC-42A3-9474-1A3956D46DE8}") = "src", "src", "{827E0CD3-B72D-47B6-A68D-7590B98EB39B}"
EndProject
Project("{2150E333-8FDC-42A3-9474-1A3956D46DE8}") = "Core", "Core", "{8D626EA8-CB54-BC41-363A-217881BEBA6E}"
EndProject
Project("{FAE04EC0-301F-11D3-BF4B-00C04F79EFBC}") = "MUServer.Core", "src\Core\MUServer.Core.csproj", "{3F32205E-A3B8-8CE3-B0C8-BB73648F86AD}"
EndProject
Project("{2150E333-8FDC-42A3-9474-1A3956D46DE8}") = "GameServer", "GameServer", "{4A0A1954-7F32-6F4C-37E1-703743DD4404}"
EndProject
Project("{FAE04EC0-301F-11D3-BF4B-00C04F79EFBC}") = "MUServer.GameServer", "src\GameServer\MUServer.GameServer\MUServer.GameServer.csproj", "{683D1FF3-0C8E-4B0C-B2EE-C1C539881108}"
EndProject
Project("{2150E333-8FDC-42A3-9474-1A3956D46DE8}") = "ConnectServer", "ConnectServer", "{D4CC26EF-D775-0289-E401-D082C8C5368E}"
EndProject
Project("{FAE04EC0-301F-11D3-BF4B-00C04F79EFBC}") = "MUServer.ConnectServer", "src\ConnectServer\MUServer.ConnectServer\MUServer.ConnectServer.csproj", "{22C8F020-F535-4693-902E-919A13F706D5}"
EndProject
Project("{2150E333-8FDC-42A3-9474-1A3956D46DE8}") = "TestClient", "TestClient", "{FD90D75C-799B-B337-C4C7-E926B4621A0B}"
EndProject
Project("{FAE04EC0-301F-11D3-BF4B-00C04F79EFBC}") = "MUServer.TestClient", "src\TestClient\MUServer.TestClient\MUServer.TestClient.csproj", "{669ACC69-D9DE-4A1F-AC1A-DA5E129CEF8A}"
EndProject
Global
	GlobalSection(SolutionConfigurationPlatforms) = preSolution
		Debug|Any CPU = Debug|Any CPU
		Debug|x64 = Debug|x64
		Debug|x86 = Debug|x86
		Release|Any CPU = Release|Any CPU
		Release|x64 = Release|x64
		Release|x86 = Release|x86
	EndGlobalSection
	GlobalSection(ProjectConfigurationPlatforms) = postSolution
		{3F32205E-A3B8-8CE3-B0C8-BB73648F86AD}.Debug|Any CPU.ActiveCfg = Debug|Any CPU
		{3F32205E-A3B8-8CE3-B0C8-BB73648F86AD}.Debug|Any CPU.Build.0 = Debug|Any CPU
		{3F32205E-A3B8-8CE3-B0C8-BB73648F86AD}.Debug|x64.ActiveCfg = Debug|Any CPU
		{3F32205E-A3B8-8CE3-B0C8-BB73648F86AD}.Debug|x64.Build.0 = Debug|Any CPU
		{3F32205E-A3B8-8CE3-B0C8-BB73648F86AD}.Debug|x86.ActiveCfg = Debug|Any CPU
		{3F32205E-A3B8-8CE3-B0C8-BB73648F86AD}.Debug|x86.Build.0 = Debug|Any CPU
		{3F32205E-A3B8-8CE3-B0C8-BB73648F86AD}.Release|Any CPU.ActiveCfg = Release|Any CPU
		{3F32205E-A3B8-8CE3-B0C8-BB73648F86AD}.Release|Any CPU.Build.0 = Release|Any CPU
		{3F32205E-A3B8-8CE3-B0C8-BB73648F86AD}.Release|x64.ActiveCfg = Release|Any CPU
		{3F32205E-A3B8-8CE3-B0C8-BB73648F86AD}.Release|x64.Build.0 = Release|Any CPU
		{3F32205E-A3B8-8CE3-B0C8-BB73648F86AD}.Release|x86.ActiveCfg = Release|Any CPU
		{3F32205E-A3B8-8CE3-B0C8-BB73648F86AD}.Release|x86.Build.0 = Release|Any CPU
		{683D1FF3-0C8E-4B0C-B2EE-C1C539881108}.Debug|Any CPU.ActiveCfg = Debug|Any CPU
		{683D1FF3-0C8E-4B0C-B2EE-C1C539881108}.Debug|Any CPU.Build.0 = Debug|Any CPU
		{683D1FF3-0C8E-4B0C-B2EE-C1C539881108}.Debug|x64.ActiveCfg = Debug|Any CPU
		{683D1FF3-0C8E-4B0C-B2EE-C1C539881108}.Debug|x64.Build.0 = Debug|Any CPU
		{683D1FF3-0C8E-4B0C-B2EE-C1C539881108}.Debug|x86.ActiveCfg = Debug|Any CPU
		{683D1FF3-0C8E-4B0C-B2EE-C1C539881108}.Debug|x86.Build.0 = Debug|Any CPU
		{683D1FF3-0C8E-4B0C-B2EE-C1C539881108}.Release|Any CPU.ActiveCfg = Release|Any CPU
		{683D1FF3-0C8E-4B0C-B2EE-C1C539881108}.Release|Any CPU.Build.0 = Release|Any CPU
		{683D1FF3-0C8E-4B0C-B2EE-C1C539881108}.Release|x64.ActiveCfg = Release|Any CPU
		{683D1FF3-0C8E-4B0C-B2EE-C1C539881108}.Release|x64.Build.0 = Release|Any CPU
		{683D1FF3-0C8E-4B0C-B2EE-C1C539881108}.Release|x86.ActiveCfg = Release|Any CPU
		{683D1FF3-0C8E-4B0C-B2EE-C1C539881108}.Release|x86.Build.0 = Release|Any CPU
		{22C8F020-F535-4693-902E-919A13F706D5}.Debug|Any CPU.ActiveCfg = Debug|Any CPU
		{22C8F020-F535-4693-902E-919A13F706D5}.Debug|Any CPU.Build.0 = Debug|Any CPU
		{22C8F020-F535-4693-902E-919A13F706D5}.Debug|x64.ActiveCfg = Debug|Any CPU
		{22C8F020-F535-4693-902E-919A13F706D5}.Debug|x64.Build.0 = Debug|Any CPU
		{22C8F020-F535-4693-902E-919A13F706D5}.Debug|x86.ActiveCfg = Debug|Any CPU
		{22C8F020-F535-4693-902E-919A13F706D5}.Debug|x86.Build.0 = Debug|Any CPU
		{22C8F020-F535-4693-902E-919A13F706D5}.Release|Any CPU.ActiveCfg = Release|Any CPU
		{22C8F020-F535-4693-902E-919A13F706D5}.Release|Any CPU.Build.0 = Release|Any CPU
		{22C8F020-F535-4693-902E-919A13F706D5}.Release|x64.ActiveCfg = Release|Any CPU
		{22C8F020-F535-4693-902E-919A13F706D5}.Release|x64.Build.0 = Release|Any CPU
		{22C8F020-F535-4693-902E-919A13F706D5}.Release|x86.ActiveCfg = Release|Any CPU
		{22C8F020-F535-4693-902E-919A13F706D5}.Release|x86.Build.0 = Release|Any CPU
		{669ACC69-D9DE-4A1F-AC1A-DA5E129CEF8A}.Debug|Any CPU.ActiveCfg = Debug|Any CPU
		{669ACC69-D9DE-4A1F-AC1A-DA5E129CEF8A}.Debug|Any CPU.Build.0 = Debug|Any CPU
		{669ACC69-D9DE-4A1F-AC1A-DA5E129CEF8A}.Debug|x64.ActiveCfg = Debug|Any CPU
		{669ACC69-D9DE-4A1F-AC1A-DA5E129CEF8A}.Debug|x64.Build.0 = Debug|Any CPU
		{669ACC69-D9DE-4A1F-AC1A-DA5E129CEF8A}.Debug|x86.ActiveCfg = Debug|Any CPU
		{669ACC69-D9DE-4A1F-AC1A-DA5E129CEF8A}.Debug|x86.Build.0 = Debug|Any CPU
		{669ACC69-D9DE-4A1F-AC1A-DA5E129CEF8A}.Release|Any CPU.ActiveCfg = Release|Any CPU
		{669ACC69-D9DE-4A1F-AC1A-DA5E129CEF8A}.Release|Any CPU.Build.0 = Release|Any CPU
		{669ACC69-D9DE-4A1F-AC1A-DA5E129CEF8A}.Release|x64.ActiveCfg = Release|Any CPU
		{669ACC69-D9DE-4A1F-AC1A-DA5E129CEF8A}.Release|x64.Build.0 = Release|Any CPU
		{669ACC69-D9DE-4A1F-AC1A-DA5E129CEF8A}.Release|x86.ActiveCfg = Release|Any CPU
		{669ACC69-D9DE-4A1F-AC1A-DA5E129CEF8A}.Release|x86.Build.0 = Release|Any CPU
	EndGlobalSection
	GlobalSection(SolutionProperties) = preSolution
		HideSolutionNode = FALSE
	EndGlobalSection
	GlobalSection(NestedProjects) = preSolution
		{8D626EA8-CB54-BC41-363A-217881BEBA6E} = {827E0CD3-B72D-47B6-A68D-7590B98EB39B}
		{3F32205E-A3B8-8CE3-B0C8-BB73648F86AD} = {8D626EA8-CB54-BC41-363A-217881BEBA6E}
		{4A0A1954-7F32-6F4C-37E1-703743DD4404} = {827E0CD3-B72D-47B6-A68D-7590B98EB39B}
		{683D1FF3-0C8E-4B0C-B2EE-C1C539881108} = {4A0A1954-7F32-6F4C-37E1-703743DD4404}
		{D4CC26EF-D775-0289-E401-D082C8C5368E} = {827E0CD3-B72D-47B6-A68D-7590B98EB39B}
		{22C8F020-F535-4693-902E-919A13F706D5} = {D4CC26EF-D775-0289-E401-D082C8C5368E}
		{FD90D75C-799B-B337-C4C7-E926B4621A0B} = {827E0CD3-B72D-47B6-A68D-7590B98EB39B}
		{669ACC69-D9DE-4A1F-AC1A-DA5E129CEF8A} = {FD90D75C-799B-B337-C4C7-E926B4621A0B}
	EndGlobalSection
	GlobalSection(ExtensibilityGlobals) = postSolution
		SolutionGuid = {2FED889F-49E7-45FF-BCA9-FF20B5464DFE}
	EndGlobalSection
EndGlobal
